# This file is autogenerated, do not edit; changes may be undone by the next 'dep ensure'.


[[projects]]
  branch = "master"
  name = "github.com/Noah-Huppert/gh-gantt"
  packages = ["server/config","server/libdb"]
  revision = "bebcfa4be319a0d0c8297374808680de7ad9cf85"

[[projects]]
  name = "github.com/Noah-Huppert/golog"
  packages = ["."]
  revision = "0531f7300f66e7f739ea59a9d8af4754bf11a452"
  version = "1.1.0"

[[projects]]
  name = "github.com/golang-migrate/migrate"
  packages = [".","database","database/postgres","source","source/file"]
  revision = "93d53a5ae84d81945eedadfe8f6865530d61d51c"
  version = "v3.5.1"

[[projects]]
  branch = "master"
  name = "github.com/jmoiron/sqlx"
  packages = [".","reflectx"]
  revision = "0dae4fefe7c0e190f7b5a78dac28a1c82cc8d849"

[[projects]]
  name = "github.com/kelseyhightower/envconfig"
  packages = ["."]
  revision = "f611eb38b3875cc3bd991ca91c51d06446afa14c"
  version = "v1.3.0"

[[projects]]
  name = "github.com/lib/pq"
  packages = [".","oid"]
  revision = "4ded0e9383f75c197b3a2aaa6d590ac52df6fd79"
  version = "v1.0.0"

[solve-meta]
  analyzer-name = "dep"
  analyzer-version = 1
  inputs-digest = "ec16f3496ea2c3d955f7f64138a2aaeea37ab28fee25c8228961eb26ca070a1d"
  solver-name = "gps-cdcl"
  solver-version = 1
